
Microsoft Visual Studio Solution File, Format Version 12.00
# Visual Studio Version 16
VisualStudioVersion = 16.0.30523.141
MinimumVisualStudioVersion = 10.0.40219.1
Project("{FAE04EC0-301F-11D3-BF4B-00C04F79EFBC}") = "FinalExamGenerics", "FinalExamGenerics\FinalExamGenerics.csproj", "{D4282F5E-3C95-47E9-87FE-09AD5CB4EA45}"
EndProject
Global
	GlobalSection(SolutionConfigurationPlatforms) = preSolution
		Debug|Any CPU = Debug|Any CPU
		Release|Any CPU = Release|Any CPU
	EndGlobalSection
	GlobalSection(ProjectConfigurationPlatforms) = postSolution
		{D4282F5E-3C95-47E9-87FE-09AD5CB4EA45}.Debug|Any CPU.ActiveCfg = Debug|Any CPU
		{D4282F5E-3C95-47E9-87FE-09AD5CB4EA45}.Debug|Any CPU.Build.0 = Debug|Any CPU
		{D4282F5E-3C95-47E9-87FE-09AD5CB4EA45}.Release|Any CPU.ActiveCfg = Release|Any CPU
		{D4282F5E-3C95-47E9-87FE-09AD5CB4EA45}.Release|Any CPU.Build.0 = Release|Any CPU
	EndGlobalSection
	GlobalSection(SolutionProperties) = preSolution
		HideSolutionNode = FALSE
	EndGlobalSection
	GlobalSection(ExtensibilityGlobals) = postSolution
		SolutionGuid = {2A3F404E-3521-4BEF-BDC4-366A36252DB4}
	EndGlobalSection
EndGlobal
